
Microsoft Visual Studio Solution File, Format Version 12.00
# Visual Studio 14
VisualStudioVersion = 14.0.25420.1
MinimumVisualStudioVersion = 10.0.40219.1
Project("{FAE04EC0-301F-11D3-BF4B-00C04F79EFBC}") = "基础算法实现", "基础算法实现\基础算法实现.csproj", "{6F9833EB-E338-4E7B-B251-88AE4E884EFF}"
EndProject
Global
	GlobalSection(SolutionConfigurationPlatforms) = preSolution
		Debug|Any CPU = Debug|Any CPU
		Release|Any CPU = Release|Any CPU
	EndGlobalSection
	GlobalSection(ProjectConfigurationPlatforms) = postSolution
		{6F9833EB-E338-4E7B-B251-88AE4E884EFF}.Debug|Any CPU.ActiveCfg = Debug|Any CPU
		{6F9833EB-E338-4E7B-B251-88AE4E884EFF}.Debug|Any CPU.Build.0 = Debug|Any CPU
		{6F9833EB-E338-4E7B-B251-88AE4E884EFF}.Release|Any CPU.ActiveCfg = Release|Any CPU
		{6F9833EB-E338-4E7B-B251-88AE4E884EFF}.Release|Any CPU.Build.0 = Release|Any CPU
	EndGlobalSection
	GlobalSection(SolutionProperties) = preSolution
		HideSolutionNode = FALSE
	EndGlobalSection
EndGlobal
